// !$*UTF8*$!
{
	archiveVersion = 1;
	classes = {
	};
	objectVersion = 51;
	objects = {

/* Begin PBXBuildFile section */
		68205A6F24CA83CE0065313B /* countries.json in Resources */ = {isa = PBXBuildFile; fileRef = 68205A6E24CA83CE0065313B /* countries.json */; };
		682A965524BE1D3C00703EFD /* GuideView.swift in Sources */ = {isa = PBXBuildFile; fileRef = 682A965424BE1D3C00703EFD /* GuideView.swift */; };
		6879B9DD24AA829B007A9A0D /* GoogleMapsView.swift in Sources */ = {isa = PBXBuildFile; fileRef = 6879B9DC24AA829B007A9A0D /* GoogleMapsView.swift */; };
		6879B9DF24AA856D007A9A0D /* teststyle.json in Resources */ = {isa = PBXBuildFile; fileRef = 6879B9DE24AA856D007A9A0D /* teststyle.json */; };
		6879B9E124AA9C9E007A9A0D /* states.json in Resources */ = {isa = PBXBuildFile; fileRef = 6879B9E024AA9C9E007A9A0D /* states.json */; };
		688B83DD24D1CA8000E93A19 /* NetworkController.swift in Sources */ = {isa = PBXBuildFile; fileRef = 688B83DC24D1CA8000E93A19 /* NetworkController.swift */; };
		688B83DF24D1CAAD00E93A19 /* Post.swift in Sources */ = {isa = PBXBuildFile; fileRef = 688B83DE24D1CAAD00E93A19 /* Post.swift */; };
		688B83E124D1CADD00E93A19 /* Region.swift in Sources */ = {isa = PBXBuildFile; fileRef = 688B83E024D1CADD00E93A19 /* Region.swift */; };
		68926E3524AE361000DD16F1 /* RegionViewModel.swift in Sources */ = {isa = PBXBuildFile; fileRef = 68926E3424AE361000DD16F1 /* RegionViewModel.swift */; };
		68940DFC24AE38BB00181045 /* EnumsExt.swift in Sources */ = {isa = PBXBuildFile; fileRef = 68940DFB24AE38BB00181045 /* EnumsExt.swift */; };
		68BB272A24A3A4A00076BBE0 /* AppDelegate.swift in Sources */ = {isa = PBXBuildFile; fileRef = 68BB272924A3A4A00076BBE0 /* AppDelegate.swift */; };
		68BB272C24A3A4A00076BBE0 /* SceneDelegate.swift in Sources */ = {isa = PBXBuildFile; fileRef = 68BB272B24A3A4A00076BBE0 /* SceneDelegate.swift */; };
		68BB272E24A3A4A00076BBE0 /* ContentView.swift in Sources */ = {isa = PBXBuildFile; fileRef = 68BB272D24A3A4A00076BBE0 /* ContentView.swift */; };
		68BB273024A3A4A10076BBE0 /* Assets.xcassets in Resources */ = {isa = PBXBuildFile; fileRef = 68BB272F24A3A4A10076BBE0 /* Assets.xcassets */; };
		68BB273324A3A4A10076BBE0 /* Preview Assets.xcassets in Resources */ = {isa = PBXBuildFile; fileRef = 68BB273224A3A4A10076BBE0 /* Preview Assets.xcassets */; };
		68BB273624A3A4A10076BBE0 /* LaunchScreen.storyboard in Resources */ = {isa = PBXBuildFile; fileRef = 68BB273424A3A4A10076BBE0 /* LaunchScreen.storyboard */; };
		68D9848524C5FCA200ABD2CB /* ScoresView.swift in Sources */ = {isa = PBXBuildFile; fileRef = 68D9848424C5FCA200ABD2CB /* ScoresView.swift */; };
		68D9848724C635A800ABD2CB /* HighscoresView.swift in Sources */ = {isa = PBXBuildFile; fileRef = 68D9848624C635A800ABD2CB /* HighscoresView.swift */; };
		68D9848924C63B1400ABD2CB /* MyScoresView.swift in Sources */ = {isa = PBXBuildFile; fileRef = 68D9848824C63B1400ABD2CB /* MyScoresView.swift */; };
		68D9A13724C239E3007EDD17 /* GoogleService-Info.plist in Resources */ = {isa = PBXBuildFile; fileRef = 68D9A13624C239E3007EDD17 /* GoogleService-Info.plist */; };
		68D9A13924C2499D007EDD17 /* Keys.swift in Sources */ = {isa = PBXBuildFile; fileRef = 68D9A13824C2499D007EDD17 /* Keys.swift */; };
		68D9D1B424BF8DE900318717 /* PreferenceView.swift in Sources */ = {isa = PBXBuildFile; fileRef = 68D9D1B324BF8DE900318717 /* PreferenceView.swift */; };
		68D9D1B724C0901300318717 /* practicestyle.json in Resources */ = {isa = PBXBuildFile; fileRef = 68D9D1B624C0901300318717 /* practicestyle.json */; };
		68D9D1B924C091B500318717 /* studystyle.json in Resources */ = {isa = PBXBuildFile; fileRef = 68D9D1B824C091B500318717 /* studystyle.json */; };
		68EB877E24C0ED18001C2A18 /* SubmitView.swift in Sources */ = {isa = PBXBuildFile; fileRef = 68EB877D24C0ED18001C2A18 /* SubmitView.swift */; };
		68F719DB24B4CC9D005D3388 /* ControlView.swift in Sources */ = {isa = PBXBuildFile; fileRef = 68F719DA24B4CC9D005D3388 /* ControlView.swift */; };
		68F719DD24B52CF5005D3388 /* BottomView.swift in Sources */ = {isa = PBXBuildFile; fileRef = 68F719DC24B52CF5005D3388 /* BottomView.swift */; };
		A027C4FA884389529AB0BBCF /* Pods_No_Boundaries.framework in Frameworks */ = {isa = PBXBuildFile; fileRef = 4322F1A370A1500DDBE1180C /* Pods_No_Boundaries.framework */; };
/* End PBXBuildFile section */

/* Begin PBXFileReference section */
		4322F1A370A1500DDBE1180C /* Pods_No_Boundaries.framework */ = {isa = PBXFileReference; explicitFileType = wrapper.framework; includeInIndex = 0; path = Pods_No_Boundaries.framework; sourceTree = BUILT_PRODUCTS_DIR; };
		5B5574CAEB14989801475DFB /* Pods-No Boundaries.debug.xcconfig */ = {isa = PBXFileReference; includeInIndex = 1; lastKnownFileType = text.xcconfig; name = "Pods-No Boundaries.debug.xcconfig"; path = "Target Support Files/Pods-No Boundaries/Pods-No Boundaries.debug.xcconfig"; sourceTree = "<group>"; };
		68205A6E24CA83CE0065313B /* countries.json */ = {isa = PBXFileReference; lastKnownFileType = text.json; path = countries.json; sourceTree = "<group>"; };
		682A965424BE1D3C00703EFD /* GuideView.swift */ = {isa = PBXFileReference; lastKnownFileType = sourcecode.swift; path = GuideView.swift; sourceTree = "<group>"; };
		6879B9DC24AA829B007A9A0D /* GoogleMapsView.swift */ = {isa = PBXFileReference; lastKnownFileType = sourcecode.swift; path = GoogleMapsView.swift; sourceTree = "<group>"; };
		6879B9DE24AA856D007A9A0D /* teststyle.json */ = {isa = PBXFileReference; lastKnownFileType = text.json; path = teststyle.json; sourceTree = "<group>"; };
		6879B9E024AA9C9E007A9A0D /* states.json */ = {isa = PBXFileReference; lastKnownFileType = text.json; path = states.json; sourceTree = "<group>"; };
		688B83DC24D1CA8000E93A19 /* NetworkController.swift */ = {isa = PBXFileReference; lastKnownFileType = sourcecode.swift; path = NetworkController.swift; sourceTree = "<group>"; };
		688B83DE24D1CAAD00E93A19 /* Post.swift */ = {isa = PBXFileReference; lastKnownFileType = sourcecode.swift; path = Post.swift; sourceTree = "<group>"; };
		688B83E024D1CADD00E93A19 /* Region.swift */ = {isa = PBXFileReference; lastKnownFileType = sourcecode.swift; path = Region.swift; sourceTree = "<group>"; };
		68926E3424AE361000DD16F1 /* RegionViewModel.swift */ = {isa = PBXFileReference; lastKnownFileType = sourcecode.swift; path = RegionViewModel.swift; sourceTree = "<group>"; };
		68940DFB24AE38BB00181045 /* EnumsExt.swift */ = {isa = PBXFileReference; lastKnownFileType = sourcecode.swift; path = EnumsExt.swift; sourceTree = "<group>"; };
		68BB272624A3A4A00076BBE0 /* No Bounds.app */ = {isa = PBXFileReference; explicitFileType = wrapper.application; includeInIndex = 0; path = "No Bounds.app"; sourceTree = BUILT_PRODUCTS_DIR; };
		68BB272924A3A4A00076BBE0 /* AppDelegate.swift */ = {isa = PBXFileReference; lastKnownFileType = sourcecode.swift; path = AppDelegate.swift; sourceTree = "<group>"; };
		68BB272B24A3A4A00076BBE0 /* SceneDelegate.swift */ = {isa = PBXFileReference; lastKnownFileType = sourcecode.swift; path = SceneDelegate.swift; sourceTree = "<group>"; };
		68BB272D24A3A4A00076BBE0 /* ContentView.swift */ = {isa = PBXFileReference; lastKnownFileType = sourcecode.swift; path = ContentView.swift; sourceTree = "<group>"; };
		68BB272F24A3A4A10076BBE0 /* Assets.xcassets */ = {isa = PBXFileReference; lastKnownFileType = folder.assetcatalog; path = Assets.xcassets; sourceTree = "<group>"; };
		68BB273224A3A4A10076BBE0 /* Preview Assets.xcassets */ = {isa = PBXFileReference; lastKnownFileType = folder.assetcatalog; path = "Preview Assets.xcassets"; sourceTree = "<group>"; };
		68BB273524A3A4A10076BBE0 /* Base */ = {isa = PBXFileReference; lastKnownFileType = file.storyboard; name = Base; path = Base.lproj/LaunchScreen.storyboard; sourceTree = "<group>"; };
		68BB273724A3A4A10076BBE0 /* Info.plist */ = {isa = PBXFileReference; lastKnownFileType = text.plist.xml; path = Info.plist; sourceTree = "<group>"; };
		68D9848424C5FCA200ABD2CB /* ScoresView.swift */ = {isa = PBXFileReference; lastKnownFileType = sourcecode.swift; path = ScoresView.swift; sourceTree = "<group>"; };
		68D9848624C635A800ABD2CB /* HighscoresView.swift */ = {isa = PBXFileReference; lastKnownFileType = sourcecode.swift; path = HighscoresView.swift; sourceTree = "<group>"; };
		68D9848824C63B1400ABD2CB /* MyScoresView.swift */ = {isa = PBXFileReference; lastKnownFileType = sourcecode.swift; path = MyScoresView.swift; sourceTree = "<group>"; };
		68D9A13624C239E3007EDD17 /* GoogleService-Info.plist */ = {isa = PBXFileReference; fileEncoding = 4; lastKnownFileType = text.plist.xml; path = "GoogleService-Info.plist"; sourceTree = "<group>"; };
		68D9A13824C2499D007EDD17 /* Keys.swift */ = {isa = PBXFileReference; lastKnownFileType = sourcecode.swift; name = Keys.swift; path = Resources/Keys.swift; sourceTree = "<group>"; };
		68D9D1B324BF8DE900318717 /* PreferenceView.swift */ = {isa = PBXFileReference; lastKnownFileType = sourcecode.swift; path = PreferenceView.swift; sourceTree = "<group>"; };
		68D9D1B624C0901300318717 /* practicestyle.json */ = {isa = PBXFileReference; lastKnownFileType = text.json; path = practicestyle.json; sourceTree = "<group>"; };
		68D9D1B824C091B500318717 /* studystyle.json */ = {isa = PBXFileReference; lastKnownFileType = text.json; path = studystyle.json; sourceTree = "<group>"; };
		68EB877D24C0ED18001C2A18 /* SubmitView.swift */ = {isa = PBXFileReference; lastKnownFileType = sourcecode.swift; path = SubmitView.swift; sourceTree = "<group>"; };
		68F719DA24B4CC9D005D3388 /* ControlView.swift */ = {isa = PBXFileReference; lastKnownFileType = sourcecode.swift; path = ControlView.swift; sourceTree = "<group>"; };
		68F719DC24B52CF5005D3388 /* BottomView.swift */ = {isa = PBXFileReference; lastKnownFileType = sourcecode.swift; path = BottomView.swift; sourceTree = "<group>"; };
		8DC0DD85A15C0A45AD1C6D71 /* Pods-No Boundaries.release.xcconfig */ = {isa = PBXFileReference; includeInIndex = 1; lastKnownFileType = text.xcconfig; name = "Pods-No Boundaries.release.xcconfig"; path = "Target Support Files/Pods-No Boundaries/Pods-No Boundaries.release.xcconfig"; sourceTree = "<group>"; };
/* End PBXFileReference section */

/* Begin PBXFrameworksBuildPhase section */
		68BB272324A3A4A00076BBE0 /* Frameworks */ = {
			isa = PBXFrameworksBuildPhase;
			buildActionMask = 2147483647;
			files = (
				A027C4FA884389529AB0BBCF /* Pods_No_Boundaries.framework in Frameworks */,
			);
			runOnlyForDeploymentPostprocessing = 0;
		};
/* End PBXFrameworksBuildPhase section */

/* Begin PBXGroup section */
		68205A4324CA0A1F0065313B /* Scores */ = {
			isa = PBXGroup;
			children = (
				68D9848424C5FCA200ABD2CB /* ScoresView.swift */,
				68D9848624C635A800ABD2CB /* HighscoresView.swift */,
				68D9848824C63B1400ABD2CB /* MyScoresView.swift */,
			);
			path = Scores;
			sourceTree = "<group>";
		};
		68205A4424CA0A510065313B /* SubViews */ = {
			isa = PBXGroup;
			children = (
				68EB877D24C0ED18001C2A18 /* SubmitView.swift */,
				682A965424BE1D3C00703EFD /* GuideView.swift */,
			);
			path = SubViews;
			sourceTree = "<group>";
		};
		68205A4524CA0A6A0065313B /* Bottom */ = {
			isa = PBXGroup;
			children = (
				68F719DC24B52CF5005D3388 /* BottomView.swift */,
				68F719DA24B4CC9D005D3388 /* ControlView.swift */,
				68D9D1B324BF8DE900318717 /* PreferenceView.swift */,
			);
			path = Bottom;
			sourceTree = "<group>";
		};
		68926E3624AE365400DD16F1 /* Views */ = {
			isa = PBXGroup;
			children = (
				68BB272D24A3A4A00076BBE0 /* ContentView.swift */,
				6879B9DC24AA829B007A9A0D /* GoogleMapsView.swift */,
				68205A4524CA0A6A0065313B /* Bottom */,
				68205A4424CA0A510065313B /* SubViews */,
				68205A4324CA0A1F0065313B /* Scores */,
			);
			path = Views;
			sourceTree = "<group>";
		};
		68926E3724AE365C00DD16F1 /* ViewModels */ = {
			isa = PBXGroup;
			children = (
				68926E3424AE361000DD16F1 /* RegionViewModel.swift */,
			);
			path = ViewModels;
			sourceTree = "<group>";
		};
		68940DFD24AE38D300181045 /* Models */ = {
			isa = PBXGroup;
			children = (
				688B83E024D1CADD00E93A19 /* Region.swift */,
				688B83DE24D1CAAD00E93A19 /* Post.swift */,
				688B83DC24D1CA8000E93A19 /* NetworkController.swift */,
				68940DFB24AE38BB00181045 /* EnumsExt.swift */,
			);
			path = Models;
			sourceTree = "<group>";
		};
		68BB271D24A3A4A00076BBE0 = {
			isa = PBXGroup;
			children = (
				68BB272824A3A4A00076BBE0 /* No Boundaries */,
				68BB272724A3A4A00076BBE0 /* Products */,
				E58CC2CFEB89A4E9274997EE /* Pods */,
				7359FD961343D27FBF038B50 /* Frameworks */,
			);
			sourceTree = "<group>";
		};
		68BB272724A3A4A00076BBE0 /* Products */ = {
			isa = PBXGroup;
			children = (
				68BB272624A3A4A00076BBE0 /* No Bounds.app */,
			);
			name = Products;
			sourceTree = "<group>";
		};
		68BB272824A3A4A00076BBE0 /* No Boundaries */ = {
			isa = PBXGroup;
			children = (
				68BB272924A3A4A00076BBE0 /* AppDelegate.swift */,
				68BB272B24A3A4A00076BBE0 /* SceneDelegate.swift */,
				68940DFD24AE38D300181045 /* Models */,
				68926E3724AE365C00DD16F1 /* ViewModels */,
				68926E3624AE365400DD16F1 /* Views */,
				68EA3FC624ABED6B00185A6B /* Resources */,
				68BB272F24A3A4A10076BBE0 /* Assets.xcassets */,
				68D9A13824C2499D007EDD17 /* Keys.swift */,
				68BB273424A3A4A10076BBE0 /* LaunchScreen.storyboard */,
				68BB273724A3A4A10076BBE0 /* Info.plist */,
				68D9A13624C239E3007EDD17 /* GoogleService-Info.plist */,
				68BB273124A3A4A10076BBE0 /* Preview Content */,
			);
			path = "No Boundaries";
			sourceTree = "<group>";
		};
		68BB273124A3A4A10076BBE0 /* Preview Content */ = {
			isa = PBXGroup;
			children = (
				68BB273224A3A4A10076BBE0 /* Preview Assets.xcassets */,
			);
			path = "Preview Content";
			sourceTree = "<group>";
		};
		68EA3FC624ABED6B00185A6B /* Resources */ = {
			isa = PBXGroup;
			children = (
				6879B9DE24AA856D007A9A0D /* teststyle.json */,
				68D9D1B624C0901300318717 /* practicestyle.json */,
				68D9D1B824C091B500318717 /* studystyle.json */,
				6879B9E024AA9C9E007A9A0D /* states.json */,
				68205A6E24CA83CE0065313B /* countries.json */,
			);
			path = Resources;
			sourceTree = "<group>";
		};
		7359FD961343D27FBF038B50 /* Frameworks */ = {
			isa = PBXGroup;
			children = (
				4322F1A370A1500DDBE1180C /* Pods_No_Boundaries.framework */,
			);
			name = Frameworks;
			sourceTree = "<group>";
		};
		E58CC2CFEB89A4E9274997EE /* Pods */ = {
			isa = PBXGroup;
			children = (
				5B5574CAEB14989801475DFB /* Pods-No Boundaries.debug.xcconfig */,
				8DC0DD85A15C0A45AD1C6D71 /* Pods-No Boundaries.release.xcconfig */,
			);
			path = Pods;
			sourceTree = "<group>";
		};
/* End PBXGroup section */

/* Begin PBXNativeTarget section */
		68BB272524A3A4A00076BBE0 /* No Boundaries */ = {
			isa = PBXNativeTarget;
			buildConfigurationList = 68BB273A24A3A4A10076BBE0 /* Build configuration list for PBXNativeTarget "No Boundaries" */;
			buildPhases = (
				A034FA63039A7309879B0B33 /* [CP] Check Pods Manifest.lock */,
				68BB272224A3A4A00076BBE0 /* Sources */,
				68BB272324A3A4A00076BBE0 /* Frameworks */,
				68BB272424A3A4A00076BBE0 /* Resources */,
				9F1FFA48A5FD1DC17DC8411B /* [CP] Copy Pods Resources */,
				B50807570B23548A2E5F0CE7 /* [CP] Embed Pods Frameworks */,
			);
			buildRules = (
			);
			dependencies = (
			);
			name = "No Boundaries";
			productName = "No Boundaries";
			productReference = 68BB272624A3A4A00076BBE0 /* No Bounds.app */;
			productType = "com.apple.product-type.application";
		};
/* End PBXNativeTarget section */

/* Begin PBXProject section */
		68BB271E24A3A4A00076BBE0 /* Project object */ = {
			isa = PBXProject;
			attributes = {
				LastSwiftUpdateCheck = 1150;
				LastUpgradeCheck = 1150;
				ORGANIZATIONNAME = "Dennis Rudolph";
				TargetAttributes = {
					68BB272524A3A4A00076BBE0 = {
						CreatedOnToolsVersion = 11.5;
					};
				};
			};
			buildConfigurationList = 68BB272124A3A4A00076BBE0 /* Build configuration list for PBXProject "No Boundaries" */;
			compatibilityVersion = "Xcode 9.3";
			developmentRegion = en;
			hasScannedForEncodings = 0;
			knownRegions = (
				en,
				Base,
			);
			mainGroup = 68BB271D24A3A4A00076BBE0;
			productRefGroup = 68BB272724A3A4A00076BBE0 /* Products */;
			projectDirPath = "";
			projectRoot = "";
			targets = (
				68BB272524A3A4A00076BBE0 /* No Boundaries */,
			);
		};
/* End PBXProject section */

/* Begin PBXResourcesBuildPhase section */
		68BB272424A3A4A00076BBE0 /* Resources */ = {
			isa = PBXResourcesBuildPhase;
			buildActionMask = 2147483647;
			files = (
				6879B9E124AA9C9E007A9A0D /* states.json in Resources */,
				68D9A13724C239E3007EDD17 /* GoogleService-Info.plist in Resources */,
				68BB273624A3A4A10076BBE0 /* LaunchScreen.storyboard in Resources */,
				68205A6F24CA83CE0065313B /* countries.json in Resources */,
				68D9D1B924C091B500318717 /* studystyle.json in Resources */,
				68D9D1B724C0901300318717 /* practicestyle.json in Resources */,
				68BB273324A3A4A10076BBE0 /* Preview Assets.xcassets in Resources */,
				68BB273024A3A4A10076BBE0 /* Assets.xcassets in Resources */,
				6879B9DF24AA856D007A9A0D /* teststyle.json in Resources */,
			);
			runOnlyForDeploymentPostprocessing = 0;
		};
/* End PBXResourcesBuildPhase section */

/* Begin PBXShellScriptBuildPhase section */
		9F1FFA48A5FD1DC17DC8411B /* [CP] Copy Pods Resources */ = {
			isa = PBXShellScriptBuildPhase;
			buildActionMask = 2147483647;
			files = (
			);
			inputFileListPaths = (
				"${PODS_ROOT}/Target Support Files/Pods-No Boundaries/Pods-No Boundaries-resources-${CONFIGURATION}-input-files.xcfilelist",
			);
			name = "[CP] Copy Pods Resources";
			outputFileListPaths = (
				"${PODS_ROOT}/Target Support Files/Pods-No Boundaries/Pods-No Boundaries-resources-${CONFIGURATION}-output-files.xcfilelist",
			);
			runOnlyForDeploymentPostprocessing = 0;
			shellPath = /bin/sh;
			shellScript = "\"${PODS_ROOT}/Target Support Files/Pods-No Boundaries/Pods-No Boundaries-resources.sh\"\n";
			showEnvVarsInLog = 0;
		};
		A034FA63039A7309879B0B33 /* [CP] Check Pods Manifest.lock */ = {
			isa = PBXShellScriptBuildPhase;
			buildActionMask = 2147483647;
			files = (
			);
			inputFileListPaths = (
			);
			inputPaths = (
				"${PODS_PODFILE_DIR_PATH}/Podfile.lock",
				"${PODS_ROOT}/Manifest.lock",
			);
			name = "[CP] Check Pods Manifest.lock";
			outputFileListPaths = (
			);
			outputPaths = (
				"$(DERIVED_FILE_DIR)/Pods-No Boundaries-checkManifestLockResult.txt",
			);
			runOnlyForDeploymentPostprocessing = 0;
			shellPath = /bin/sh;
			shellScript = "diff \"${PODS_PODFILE_DIR_PATH}/Podfile.lock\" \"${PODS_ROOT}/Manifest.lock\" > /dev/null\nif [ $? != 0 ] ; then\n    # print error to STDERR\n    echo \"error: The sandbox is not in sync with the Podfile.lock. Run 'pod install' or update your CocoaPods installation.\" >&2\n    exit 1\nfi\n# This output is used by Xcode 'outputs' to avoid re-running this script phase.\necho \"SUCCESS\" > \"${SCRIPT_OUTPUT_FILE_0}\"\n";
			showEnvVarsInLog = 0;
		};
		B50807570B23548A2E5F0CE7 /* [CP] Embed Pods Frameworks */ = {
			isa = PBXShellScriptBuildPhase;
			buildActionMask = 2147483647;
			files = (
			);
			inputFileListPaths = (
				"${PODS_ROOT}/Target Support Files/Pods-No Boundaries/Pods-No Boundaries-frameworks-${CONFIGURATION}-input-files.xcfilelist",
			);
			name = "[CP] Embed Pods Frameworks";
			outputFileListPaths = (
				"${PODS_ROOT}/Target Support Files/Pods-No Boundaries/Pods-No Boundaries-frameworks-${CONFIGURATION}-output-files.xcfilelist",
			);
			runOnlyForDeploymentPostprocessing = 0;
			shellPath = /bin/sh;
			shellScript = "\"${PODS_ROOT}/Target Support Files/Pods-No Boundaries/Pods-No Boundaries-frameworks.sh\"\n";
			showEnvVarsInLog = 0;
		};
/* End PBXShellScriptBuildPhase section */

/* Begin PBXSourcesBuildPhase section */
		68BB272224A3A4A00076BBE0 /* Sources */ = {
			isa = PBXSourcesBuildPhase;
			buildActionMask = 2147483647;
			files = (
				688B83DD24D1CA8000E93A19 /* NetworkController.swift in Sources */,
				682A965524BE1D3C00703EFD /* GuideView.swift in Sources */,
				68D9A13924C2499D007EDD17 /* Keys.swift in Sources */,
				6879B9DD24AA829B007A9A0D /* GoogleMapsView.swift in Sources */,
				688B83DF24D1CAAD00E93A19 /* Post.swift in Sources */,
				68F719DD24B52CF5005D3388 /* BottomView.swift in Sources */,
				68BB272A24A3A4A00076BBE0 /* AppDelegate.swift in Sources */,
				68D9848724C635A800ABD2CB /* HighscoresView.swift in Sources */,
				68926E3524AE361000DD16F1 /* RegionViewModel.swift in Sources */,
				688B83E124D1CADD00E93A19 /* Region.swift in Sources */,
				68D9848524C5FCA200ABD2CB /* ScoresView.swift in Sources */,
				68940DFC24AE38BB00181045 /* EnumsExt.swift in Sources */,
				68BB272C24A3A4A00076BBE0 /* SceneDelegate.swift in Sources */,
				68D9D1B424BF8DE900318717 /* PreferenceView.swift in Sources */,
				68F719DB24B4CC9D005D3388 /* ControlView.swift in Sources */,
				68BB272E24A3A4A00076BBE0 /* ContentView.swift in Sources */,
				68EB877E24C0ED18001C2A18 /* SubmitView.swift in Sources */,
				68D9848924C63B1400ABD2CB /* MyScoresView.swift in Sources */,
			);
			runOnlyForDeploymentPostprocessing = 0;
		};
/* End PBXSourcesBuildPhase section */

/* Begin PBXVariantGroup section */
		68BB273424A3A4A10076BBE0 /* LaunchScreen.storyboard */ = {
			isa = PBXVariantGroup;
			children = (
				68BB273524A3A4A10076BBE0 /* Base */,
			);
			name = LaunchScreen.storyboard;
			sourceTree = "<group>";
		};
/* End PBXVariantGroup section */

/* Begin XCBuildConfiguration section */
		68BB273824A3A4A10076BBE0 /* Debug */ = {
			isa = XCBuildConfiguration;
			buildSettings = {
				ALWAYS_SEARCH_USER_PATHS = NO;
				CLANG_ANALYZER_NONNULL = YES;
				CLANG_ANALYZER_NUMBER_OBJECT_CONVERSION = YES_AGGRESSIVE;
				CLANG_CXX_LANGUAGE_STANDARD = "gnu++14";
				CLANG_CXX_LIBRARY = "libc++";
				CLANG_ENABLE_MODULES = YES;
				CLANG_ENABLE_OBJC_ARC = YES;
				CLANG_ENABLE_OBJC_WEAK = YES;
				CLANG_WARN_BLOCK_CAPTURE_AUTORELEASING = YES;
				CLANG_WARN_BOOL_CONVERSION = YES;
				CLANG_WARN_COMMA = YES;
				CLANG_WARN_CONSTANT_CONVERSION = YES;
				CLANG_WARN_DEPRECATED_OBJC_IMPLEMENTATIONS = YES;
				CLANG_WARN_DIRECT_OBJC_ISA_USAGE = YES_ERROR;
				CLANG_WARN_DOCUMENTATION_COMMENTS = YES;
				CLANG_WARN_EMPTY_BODY = YES;
				CLANG_WARN_ENUM_CONVERSION = YES;
				CLANG_WARN_INFINITE_RECURSION = YES;
				CLANG_WARN_INT_CONVERSION = YES;
				CLANG_WARN_NON_LITERAL_NULL_CONVERSION = YES;
				CLANG_WARN_OBJC_IMPLICIT_RETAIN_SELF = YES;
				CLANG_WARN_OBJC_LITERAL_CONVERSION = YES;
				CLANG_WARN_OBJC_ROOT_CLASS = YES_ERROR;
				CLANG_WARN_RANGE_LOOP_ANALYSIS = YES;
				CLANG_WARN_STRICT_PROTOTYPES = YES;
				CLANG_WARN_SUSPICIOUS_MOVE = YES;
				CLANG_WARN_UNGUARDED_AVAILABILITY = YES_AGGRESSIVE;
				CLANG_WARN_UNREACHABLE_CODE = YES;
				CLANG_WARN__DUPLICATE_METHOD_MATCH = YES;
				COPY_PHASE_STRIP = NO;
				DEBUG_INFORMATION_FORMAT = dwarf;
				ENABLE_STRICT_OBJC_MSGSEND = YES;
				ENABLE_TESTABILITY = YES;
				GCC_C_LANGUAGE_STANDARD = gnu11;
				GCC_DYNAMIC_NO_PIC = NO;
				GCC_NO_COMMON_BLOCKS = YES;
				GCC_OPTIMIZATION_LEVEL = 0;
				GCC_PREPROCESSOR_DEFINITIONS = (
					"DEBUG=1",
					"$(inherited)",
				);
				GCC_WARN_64_TO_32_BIT_CONVERSION = YES;
				GCC_WARN_ABOUT_RETURN_TYPE = YES_ERROR;
				GCC_WARN_UNDECLARED_SELECTOR = YES;
				GCC_WARN_UNINITIALIZED_AUTOS = YES_AGGRESSIVE;
				GCC_WARN_UNUSED_FUNCTION = YES;
				GCC_WARN_UNUSED_VARIABLE = YES;
				IPHONEOS_DEPLOYMENT_TARGET = 13.4;
				MTL_ENABLE_DEBUG_INFO = INCLUDE_SOURCE;
				MTL_FAST_MATH = YES;
				ONLY_ACTIVE_ARCH = YES;
				SDKROOT = iphoneos;
				SWIFT_ACTIVE_COMPILATION_CONDITIONS = DEBUG;
				SWIFT_OPTIMIZATION_LEVEL = "-Onone";
			};
			name = Debug;
		};
		68BB273924A3A4A10076BBE0 /* Release */ = {
			isa = XCBuildConfiguration;
			buildSettings = {
				ALWAYS_SEARCH_USER_PATHS = NO;
				CLANG_ANALYZER_NONNULL = YES;
				CLANG_ANALYZER_NUMBER_OBJECT_CONVERSION = YES_AGGRESSIVE;
				CLANG_CXX_LANGUAGE_STANDARD = "gnu++14";
				CLANG_CXX_LIBRARY = "libc++";
				CLANG_ENABLE_MODULES = YES;
				CLANG_ENABLE_OBJC_ARC = YES;
				CLANG_ENABLE_OBJC_WEAK = YES;
				CLANG_WARN_BLOCK_CAPTURE_AUTORELEASING = YES;
				CLANG_WARN_BOOL_CONVERSION = YES;
				CLANG_WARN_COMMA = YES;
				CLANG_WARN_CONSTANT_CONVERSION = YES;
				CLANG_WARN_DEPRECATED_OBJC_IMPLEMENTATIONS = YES;
				CLANG_WARN_DIRECT_OBJC_ISA_USAGE = YES_ERROR;
				CLANG_WARN_DOCUMENTATION_COMMENTS = YES;
				CLANG_WARN_EMPTY_BODY = YES;
				CLANG_WARN_ENUM_CONVERSION = YES;
				CLANG_WARN_INFINITE_RECURSION = YES;
				CLANG_WARN_INT_CONVERSION = YES;
				CLANG_WARN_NON_LITERAL_NULL_CONVERSION = YES;
				CLANG_WARN_OBJC_IMPLICIT_RETAIN_SELF = YES;
				CLANG_WARN_OBJC_LITERAL_CONVERSION = YES;
				CLANG_WARN_OBJC_ROOT_CLASS = YES_ERROR;
				CLANG_WARN_RANGE_LOOP_ANALYSIS = YES;
				CLANG_WARN_STRICT_PROTOTYPES = YES;
				CLANG_WARN_SUSPICIOUS_MOVE = YES;
				CLANG_WARN_UNGUARDED_AVAILABILITY = YES_AGGRESSIVE;
				CLANG_WARN_UNREACHABLE_CODE = YES;
				CLANG_WARN__DUPLICATE_METHOD_MATCH = YES;
				COPY_PHASE_STRIP = NO;
				DEBUG_INFORMATION_FORMAT = "dwarf-with-dsym";
				ENABLE_NS_ASSERTIONS = NO;
				ENABLE_STRICT_OBJC_MSGSEND = YES;
				GCC_C_LANGUAGE_STANDARD = gnu11;
				GCC_NO_COMMON_BLOCKS = YES;
				GCC_WARN_64_TO_32_BIT_CONVERSION = YES;
				GCC_WARN_ABOUT_RETURN_TYPE = YES_ERROR;
				GCC_WARN_UNDECLARED_SELECTOR = YES;
				GCC_WARN_UNINITIALIZED_AUTOS = YES_AGGRESSIVE;
				GCC_WARN_UNUSED_FUNCTION = YES;
				GCC_WARN_UNUSED_VARIABLE = YES;
				IPHONEOS_DEPLOYMENT_TARGET = 13.4;
				MTL_ENABLE_DEBUG_INFO = NO;
				MTL_FAST_MATH = YES;
				SDKROOT = iphoneos;
				SWIFT_COMPILATION_MODE = wholemodule;
				SWIFT_OPTIMIZATION_LEVEL = "-O";
				VALIDATE_PRODUCT = YES;
			};
			name = Release;
		};
		68BB273B24A3A4A10076BBE0 /* Debug */ = {
			isa = XCBuildConfiguration;
			baseConfigurationReference = 5B5574CAEB14989801475DFB /* Pods-No Boundaries.debug.xcconfig */;
			buildSettings = {
				ASSETCATALOG_COMPILER_APPICON_NAME = AppIcon;
				CODE_SIGN_STYLE = Automatic;
				DEVELOPMENT_ASSET_PATHS = "\"No Boundaries/Preview Content\"";
				DEVELOPMENT_TEAM = A9A835224B;
				ENABLE_PREVIEWS = YES;
				INFOPLIST_FILE = "No Boundaries/Info.plist";
				LD_RUNPATH_SEARCH_PATHS = (
					"$(inherited)",
					"@executable_path/Frameworks",
				);
				PRODUCT_BUNDLE_IDENTIFIER = com.DennisRudolph.NoBounds;
				PRODUCT_NAME = "No Bounds";
				SWIFT_VERSION = 5.0;
				TARGETED_DEVICE_FAMILY = 1;
			};
			name = Debug;
		};
		68BB273C24A3A4A10076BBE0 /* Release */ = {
			isa = XCBuildConfiguration;
			baseConfigurationReference = 8DC0DD85A15C0A45AD1C6D71 /* Pods-No Boundaries.release.xcconfig */;
			buildSettings = {
				ASSETCATALOG_COMPILER_APPICON_NAME = AppIcon;
				CODE_SIGN_STYLE = Automatic;
				DEVELOPMENT_ASSET_PATHS = "\"No Boundaries/Preview Content\"";
				DEVELOPMENT_TEAM = A9A835224B;
				ENABLE_PREVIEWS = YES;
				INFOPLIST_FILE = "No Boundaries/Info.plist";
				LD_RUNPATH_SEARCH_PATHS = (
					"$(inherited)",
					"@executable_path/Frameworks",
				);
				PRODUCT_BUNDLE_IDENTIFIER = com.DennisRudolph.NoBounds;
				PRODUCT_NAME = "No Bounds";
				SWIFT_VERSION = 5.0;
				TARGETED_DEVICE_FAMILY = 1;
			};
			name = Release;
		};
/* End XCBuildConfiguration section */

/* Begin XCConfigurationList section */
		68BB272124A3A4A00076BBE0 /* Build configuration list for PBXProject "No Boundaries" */ = {
			isa = XCConfigurationList;
			buildConfigurations = (
				68BB273824A3A4A10076BBE0 /* Debug */,
				68BB273924A3A4A10076BBE0 /* Release */,
			);
			defaultConfigurationIsVisible = 0;
			defaultConfigurationName = Release;
		};
		68BB273A24A3A4A10076BBE0 /* Build configuration list for PBXNativeTarget "No Boundaries" */ = {
			isa = XCConfigurationList;
			buildConfigurations = (
				68BB273B24A3A4A10076BBE0 /* Debug */,
				68BB273C24A3A4A10076BBE0 /* Release */,
			);
			defaultConfigurationIsVisible = 0;
			defaultConfigurationName = Release;
		};
/* End XCConfigurationList section */
	};
	rootObject = 68BB271E24A3A4A00076BBE0 /* Project object */;
}
